PODS:
  - Alamofire (4.8.2)
  - MiniGallery (0.1.0):
    - SDWebImage
    - SnapKit
  - SDWebImage (5.0.0):
    - SDWebImage/Core (= 5.0.0)
  - SDWebImage/Core (5.0.0)
  - SnapKit (4.2.0)

DEPENDENCIES:
  - Alamofire
  - MiniGallery (from `../`)

SPEC REPOS:
  https://github.com/cocoapods/specs.git:
    - Alamofire
    - SDWebImage
    - SnapKit

EXTERNAL SOURCES:
  MiniGallery:
    :path: "../"

SPEC CHECKSUMS:
  Alamofire: ae5c501addb7afdbb13687d7f2f722c78734c2d3
  MiniGallery: df2aeb163f193d01f82b07690e91d8d520f79218
  SDWebImage: 5de80a0302de9e377e62f47d2fa1304efff0e55f
  SnapKit: fe8a619752f3f27075cc9a90244d75c6c3f27e2a

PODFILE CHECKSUM: 562af8cef681a2b000c19fbdfbfa14b7cca37ff4

COCOAPODS: 1.5.3
